Microsoft Visual Studio Solution File, Format Version 12.00
# Visual Studio Version 17
VisualStudioVersion = 17.5.2.0
MinimumVisualStudioVersion = 10.0.40219.1
Project("{FAE04EC0-301F-11D3-BF4B-00C04F79EFBC}") = "SimpleSimulator", "SimpleSimulator.csproj", "{789CE849-D2E2-2486-52E8-F425104CDE80}"
EndProject
Global
	GlobalSection(SolutionConfigurationPlatforms) = preSolution
		Debug|Any CPU = Debug|Any CPU
		Release|Any CPU = Release|Any CPU
	EndGlobalSection
	GlobalSection(ProjectConfigurationPlatforms) = postSolution
		{789CE849-D2E2-2486-52E8-F425104CDE80}.Debug|Any CPU.ActiveCfg = Debug|Any CPU
		{789CE849-D2E2-2486-52E8-F425104CDE80}.Debug|Any CPU.Build.0 = Debug|Any CPU
		{789CE849-D2E2-2486-52E8-F425104CDE80}.Release|Any CPU.ActiveCfg = Release|Any CPU
		{789CE849-D2E2-2486-52E8-F425104CDE80}.Release|Any CPU.Build.0 = Release|Any CPU
	EndGlobalSection
	GlobalSection(SolutionProperties) = preSolution
		HideSolutionNode = FALSE
	EndGlobalSection
	GlobalSection(ExtensibilityGlobals) = postSolution
		SolutionGuid = {89D456BE-52C7-4BC5-817B-F2A2556CDA8F}
	EndGlobalSection
EndGlobal
